
Microsoft Visual Studio Solution File, Format Version 12.00
# Visual Studio Version 16
VisualStudioVersion = 16.0.30804.86
MinimumVisualStudioVersion = 10.0.40219.1
Project("{FAE04EC0-301F-11D3-BF4B-00C04F79EFBC}") = "BasicSort", "BasicSort\BasicSort.csproj", "{B2D53DC1-C993-4E30-A3F1-B0EFF67ED77C}"
EndProject
Global
	GlobalSection(SolutionConfigurationPlatforms) = preSolution
		Debug|Any CPU = Debug|Any CPU
		Release|Any CPU = Release|Any CPU
	EndGlobalSection
	GlobalSection(ProjectConfigurationPlatforms) = postSolution
		{B2D53DC1-C993-4E30-A3F1-B0EFF67ED77C}.Debug|Any CPU.ActiveCfg = Debug|Any CPU
		{B2D53DC1-C993-4E30-A3F1-B0EFF67ED77C}.Debug|Any CPU.Build.0 = Debug|Any CPU
		{B2D53DC1-C993-4E30-A3F1-B0EFF67ED77C}.Release|Any CPU.ActiveCfg = Release|Any CPU
		{B2D53DC1-C993-4E30-A3F1-B0EFF67ED77C}.Release|Any CPU.Build.0 = Release|Any CPU
	EndGlobalSection
	GlobalSection(SolutionProperties) = preSolution
		HideSolutionNode = FALSE
	EndGlobalSection
	GlobalSection(ExtensibilityGlobals) = postSolution
		SolutionGuid = {054C6A71-B561-4DC4-8D8F-956DD2309E0F}
	EndGlobalSection
EndGlobal
